// !$*UTF8*$!
{
	archiveVersion = 1;
	classes = {
	};
	objectVersion = 46;
	objects = {

/* Begin PBXBuildFile section */
		396ED0CC1CA834E1006C4475 /* UPViewController.m in Sources */ = {isa = PBXBuildFile; fileRef = 396ED0CB1CA834E1006C4475 /* UPViewController.m */; };
		BCF659151CA53A1300C19886 /* main.m in Sources */ = {isa = PBXBuildFile; fileRef = BCF659141CA53A1300C19886 /* main.m */; };
		BCF659181CA53A1300C19886 /* AppDelegate.m in Sources */ = {isa = PBXBuildFile; fileRef = BCF659171CA53A1300C19886 /* AppDelegate.m */; };
		BCF6591E1CA53A1300C19886 /* Main.storyboard in Resources */ = {isa = PBXBuildFile; fileRef = BCF6591C1CA53A1300C19886 /* Main.storyboard */; };
		BCF659201CA53A1300C19886 /* Assets.xcassets in Resources */ = {isa = PBXBuildFile; fileRef = BCF6591F1CA53A1300C19886 /* Assets.xcassets */; };
		BCF659231CA53A1300C19886 /* LaunchScreen.storyboard in Resources */ = {isa = PBXBuildFile; fileRef = BCF659211CA53A1300C19886 /* LaunchScreen.storyboard */; };
		BCF6592E1CA53A1400C19886 /* UphotoTests.m in Sources */ = {isa = PBXBuildFile; fileRef = BCF6592D1CA53A1400C19886 /* UphotoTests.m */; };
		BCF659411CA53FD000C19886 /* MainViewModel.m in Sources */ = {isa = PBXBuildFile; fileRef = BCF659401CA53FD000C19886 /* MainViewModel.m */; };
		BCF659451CA5615A00C19886 /* MainTabViewController.m in Sources */ = {isa = PBXBuildFile; fileRef = BCF659441CA5615A00C19886 /* MainTabViewController.m */; };
		BCF659481CA568DA00C19886 /* FeaturedViewController.m in Sources */ = {isa = PBXBuildFile; fileRef = BCF659471CA568DA00C19886 /* FeaturedViewController.m */; };
		BCF6594B1CA5691700C19886 /* FeaturedViewModel.m in Sources */ = {isa = PBXBuildFile; fileRef = BCF6594A1CA5691700C19886 /* FeaturedViewModel.m */; };
		BCF6594E1CA5692400C19886 /* NatureViewModel.m in Sources */ = {isa = PBXBuildFile; fileRef = BCF6594D1CA5692400C19886 /* NatureViewModel.m */; };
		BCF659511CA5693300C19886 /* TourismViewModel.m in Sources */ = {isa = PBXBuildFile; fileRef = BCF659501CA5693300C19886 /* TourismViewModel.m */; };
		BCF659541CA5693E00C19886 /* ShoppingViewModel.m in Sources */ = {isa = PBXBuildFile; fileRef = BCF659531CA5693E00C19886 /* ShoppingViewModel.m */; };
		BCF659591CA56B2B00C19886 /* PhotosService.m in Sources */ = {isa = PBXBuildFile; fileRef = BCF659581CA56B2B00C19886 /* PhotosService.m */; };
		BCF6595C1CA576D000C19886 /* PhotoCell.m in Sources */ = {isa = PBXBuildFile; fileRef = BCF6595B1CA576D000C19886 /* PhotoCell.m */; };
		BCF659611CA577C700C19886 /* Gallery.m in Sources */ = {isa = PBXBuildFile; fileRef = BCF659601CA577C700C19886 /* Gallery.m */; };
		BCF659641CA577EC00C19886 /* GalleryItem.m in Sources */ = {isa = PBXBuildFile; fileRef = BCF659631CA577EC00C19886 /* GalleryItem.m */; };
		C3AD32A76FD6CFA31F54FAB6 /* libPods-Uphoto.a in Frameworks */ = {isa = PBXBuildFile; fileRef = B21824AF1F54F66C067FE0D4 /* libPods-Uphoto.a */; };
/* End PBXBuildFile section */

/* Begin PBXContainerItemProxy section */
		BCF6592A1CA53A1400C19886 /* PBXContainerItemProxy */ = {
			isa = PBXContainerItemProxy;
			containerPortal = BCF659081CA53A1300C19886 /* Project object */;
			proxyType = 1;
			remoteGlobalIDString = BCF6590F1CA53A1300C19886;
			remoteInfo = Uphoto;
		};
/* End PBXContainerItemProxy section */

/* Begin PBXFileReference section */
		1B8CCF2074D37E9EE2827997 /* Pods-Uphoto.release.xcconfig */ = {isa = PBXFileReference; includeInIndex = 1; lastKnownFileType = text.xcconfig; name = "Pods-Uphoto.release.xcconfig"; path = "Pods/Target Support Files/Pods-Uphoto/Pods-Uphoto.release.xcconfig"; sourceTree = "<group>"; };
		396ED0CA1CA834E1006C4475 /* UPViewController.h */ = {isa = PBXFileReference; fileEncoding = 4; lastKnownFileType = sourcecode.c.h; path = UPViewController.h; sourceTree = "<group>"; };
		396ED0CB1CA834E1006C4475 /* UPViewController.m */ = {isa = PBXFileReference; fileEncoding = 4; lastKnownFileType = sourcecode.c.objc; path = UPViewController.m; sourceTree = "<group>"; };
		B21824AF1F54F66C067FE0D4 /* libPods-Uphoto.a */ = {isa = PBXFileReference; explicitFileType = archive.ar; includeInIndex = 0; path = "libPods-Uphoto.a"; sourceTree = BUILT_PRODUCTS_DIR; };
		BCF659101CA53A1300C19886 /* Uphoto.app */ = {isa = PBXFileReference; explicitFileType = wrapper.application; includeInIndex = 0; path = Uphoto.app; sourceTree = BUILT_PRODUCTS_DIR; };
		BCF659141CA53A1300C19886 /* main.m */ = {isa = PBXFileReference; lastKnownFileType = sourcecode.c.objc; path = main.m; sourceTree = "<group>"; };
		BCF659161CA53A1300C19886 /* AppDelegate.h */ = {isa = PBXFileReference; lastKnownFileType = sourcecode.c.h; path = AppDelegate.h; sourceTree = "<group>"; };
		BCF659171CA53A1300C19886 /* AppDelegate.m */ = {isa = PBXFileReference; lastKnownFileType = sourcecode.c.objc; path = AppDelegate.m; sourceTree = "<group>"; };
		BCF6591D1CA53A1300C19886 /* Base */ = {isa = PBXFileReference; lastKnownFileType = file.storyboard; name = Base; path = Base.lproj/Main.storyboard; sourceTree = "<group>"; };
		BCF6591F1CA53A1300C19886 /* Assets.xcassets */ = {isa = PBXFileReference; lastKnownFileType = folder.assetcatalog; path = Assets.xcassets; sourceTree = "<group>"; };
		BCF659221CA53A1300C19886 /* Base */ = {isa = PBXFileReference; lastKnownFileType = file.storyboard; name = Base; path = Base.lproj/LaunchScreen.storyboard; sourceTree = "<group>"; };
		BCF659241CA53A1300C19886 /* Info.plist */ = {isa = PBXFileReference; lastKnownFileType = text.plist.xml; path = Info.plist; sourceTree = "<group>"; };
		BCF659291CA53A1400C19886 /* UphotoTests.xctest */ = {isa = PBXFileReference; explicitFileType = wrapper.cfbundle; includeInIndex = 0; path = UphotoTests.xctest; sourceTree = BUILT_PRODUCTS_DIR; };
		BCF6592D1CA53A1400C19886 /* UphotoTests.m */ = {isa = PBXFileReference; lastKnownFileType = sourcecode.c.objc; path = UphotoTests.m; sourceTree = "<group>"; };
		BCF6592F1CA53A1400C19886 /* Info.plist */ = {isa = PBXFileReference; lastKnownFileType = text.plist.xml; path = Info.plist; sourceTree = "<group>"; };
		BCF6593F1CA53FD000C19886 /* MainViewModel.h */ = {isa = PBXFileReference; fileEncoding = 4; lastKnownFileType = sourcecode.c.h; path = MainViewModel.h; sourceTree = "<group>"; };
		BCF659401CA53FD000C19886 /* MainViewModel.m */ = {isa = PBXFileReference; fileEncoding = 4; lastKnownFileType = sourcecode.c.objc; path = MainViewModel.m; sourceTree = "<group>"; };
		BCF659431CA5615A00C19886 /* MainTabViewController.h */ = {isa = PBXFileReference; fileEncoding = 4; lastKnownFileType = sourcecode.c.h; path = MainTabViewController.h; sourceTree = "<group>"; };
		BCF659441CA5615A00C19886 /* MainTabViewController.m */ = {isa = PBXFileReference; fileEncoding = 4; lastKnownFileType = sourcecode.c.objc; path = MainTabViewController.m; sourceTree = "<group>"; };
		BCF659461CA568DA00C19886 /* FeaturedViewController.h */ = {isa = PBXFileReference; fileEncoding = 4; lastKnownFileType = sourcecode.c.h; path = FeaturedViewController.h; sourceTree = "<group>"; };
		BCF659471CA568DA00C19886 /* FeaturedViewController.m */ = {isa = PBXFileReference; fileEncoding = 4; lastKnownFileType = sourcecode.c.objc; path = FeaturedViewController.m; sourceTree = "<group>"; };
		BCF659491CA5691700C19886 /* FeaturedViewModel.h */ = {isa = PBXFileReference; fileEncoding = 4; lastKnownFileType = sourcecode.c.h; path = FeaturedViewModel.h; sourceTree = "<group>"; };
		BCF6594A1CA5691700C19886 /* FeaturedViewModel.m */ = {isa = PBXFileReference; fileEncoding = 4; lastKnownFileType = sourcecode.c.objc; path = FeaturedViewModel.m; sourceTree = "<group>"; };
		BCF6594C1CA5692400C19886 /* NatureViewModel.h */ = {isa = PBXFileReference; fileEncoding = 4; lastKnownFileType = sourcecode.c.h; path = NatureViewModel.h; sourceTree = "<group>"; };
		BCF6594D1CA5692400C19886 /* NatureViewModel.m */ = {isa = PBXFileReference; fileEncoding = 4; lastKnownFileType = sourcecode.c.objc; path = NatureViewModel.m; sourceTree = "<group>"; };
		BCF6594F1CA5693300C19886 /* TourismViewModel.h */ = {isa = PBXFileReference; fileEncoding = 4; lastKnownFileType = sourcecode.c.h; path = TourismViewModel.h; sourceTree = "<group>"; };
		BCF659501CA5693300C19886 /* TourismViewModel.m */ = {isa = PBXFileReference; fileEncoding = 4; lastKnownFileType = sourcecode.c.objc; path = TourismViewModel.m; sourceTree = "<group>"; };
		BCF659521CA5693E00C19886 /* ShoppingViewModel.h */ = {isa = PBXFileReference; fileEncoding = 4; lastKnownFileType = sourcecode.c.h; path = ShoppingViewModel.h; sourceTree = "<group>"; };
		BCF659531CA5693E00C19886 /* ShoppingViewModel.m */ = {isa = PBXFileReference; fileEncoding = 4; lastKnownFileType = sourcecode.c.objc; path = ShoppingViewModel.m; sourceTree = "<group>"; };
		BCF659551CA5699200C19886 /* ViewModelDelegate.h */ = {isa = PBXFileReference; lastKnownFileType = sourcecode.c.h; path = ViewModelDelegate.h; sourceTree = "<group>"; };
		BCF659571CA56B2B00C19886 /* PhotosService.h */ = {isa = PBXFileReference; fileEncoding = 4; lastKnownFileType = sourcecode.c.h; path = PhotosService.h; sourceTree = "<group>"; };
		BCF659581CA56B2B00C19886 /* PhotosService.m */ = {isa = PBXFileReference; fileEncoding = 4; lastKnownFileType = sourcecode.c.objc; path = PhotosService.m; sourceTree = "<group>"; };
		BCF6595A1CA576D000C19886 /* PhotoCell.h */ = {isa = PBXFileReference; fileEncoding = 4; lastKnownFileType = sourcecode.c.h; name = PhotoCell.h; path = ../PhotoCell.h; sourceTree = "<group>"; };
		BCF6595B1CA576D000C19886 /* PhotoCell.m */ = {isa = PBXFileReference; fileEncoding = 4; lastKnownFileType = sourcecode.c.objc; name = PhotoCell.m; path = ../PhotoCell.m; sourceTree = "<group>"; };
		BCF6595F1CA577C700C19886 /* Gallery.h */ = {isa = PBXFileReference; fileEncoding = 4; lastKnownFileType = sourcecode.c.h; path = Gallery.h; sourceTree = "<group>"; };
		BCF659601CA577C700C19886 /* Gallery.m */ = {isa = PBXFileReference; fileEncoding = 4; lastKnownFileType = sourcecode.c.objc; path = Gallery.m; sourceTree = "<group>"; };
		BCF659621CA577EC00C19886 /* GalleryItem.h */ = {isa = PBXFileReference; fileEncoding = 4; lastKnownFileType = sourcecode.c.h; path = GalleryItem.h; sourceTree = "<group>"; };
		BCF659631CA577EC00C19886 /* GalleryItem.m */ = {isa = PBXFileReference; fileEncoding = 4; lastKnownFileType = sourcecode.c.objc; path = GalleryItem.m; sourceTree = "<group>"; };
		EDF827B51BCA5F464A6F358A /* Pods-Uphoto.debug.xcconfig */ = {isa = PBXFileReference; includeInIndex = 1; lastKnownFileType = text.xcconfig; name = "Pods-Uphoto.debug.xcconfig"; path = "Pods/Target Support Files/Pods-Uphoto/Pods-Uphoto.debug.xcconfig"; sourceTree = "<group>"; };
/* End PBXFileReference section */

/* Begin PBXFrameworksBuildPhase section */
		BCF6590D1CA53A1300C19886 /* Frameworks */ = {
			isa = PBXFrameworksBuildPhase;
			buildActionMask = 2147483647;
			files = (
				C3AD32A76FD6CFA31F54FAB6 /* libPods-Uphoto.a in Frameworks */,
			);
			runOnlyForDeploymentPostprocessing = 0;
		};
		BCF659261CA53A1400C19886 /* Frameworks */ = {
			isa = PBXFrameworksBuildPhase;
			buildActionMask = 2147483647;
			files = (
			);
			runOnlyForDeploymentPostprocessing = 0;
		};
/* End PBXFrameworksBuildPhase section */

/* Begin PBXGroup section */
		396ED0BF1CA82574006C4475 /* Super */ = {
			isa = PBXGroup;
			children = (
				396ED0CA1CA834E1006C4475 /* UPViewController.h */,
				396ED0CB1CA834E1006C4475 /* UPViewController.m */,
			);
			path = Super;
			sourceTree = "<group>";
		};
		396ED0C91CA833EC006C4475 /* Cells */ = {
			isa = PBXGroup;
			children = (
				BCF6595A1CA576D000C19886 /* PhotoCell.h */,
				BCF6595B1CA576D000C19886 /* PhotoCell.m */,
			);
			path = Cells;
			sourceTree = "<group>";
		};
		BCF659071CA53A1300C19886 = {
			isa = PBXGroup;
			children = (
				BCF659121CA53A1300C19886 /* Uphoto */,
				BCF6592C1CA53A1400C19886 /* UphotoTests */,
				BCF659111CA53A1300C19886 /* Products */,
				F8DBC2DEEBB9CEC115A2CA8C /* Pods */,
				BE6C71B14A66B200173B1BF9 /* Frameworks */,
			);
			sourceTree = "<group>";
		};
		BCF659111CA53A1300C19886 /* Products */ = {
			isa = PBXGroup;
			children = (
				BCF659101CA53A1300C19886 /* Uphoto.app */,
				BCF659291CA53A1400C19886 /* UphotoTests.xctest */,
			);
			name = Products;
			sourceTree = "<group>";
		};
		BCF659121CA53A1300C19886 /* Uphoto */ = {
			isa = PBXGroup;
			children = (
				BCF659161CA53A1300C19886 /* AppDelegate.h */,
				BCF659171CA53A1300C19886 /* AppDelegate.m */,
				BCF6591F1CA53A1300C19886 /* Assets.xcassets */,
				BCF659241CA53A1300C19886 /* Info.plist */,
				BCF659211CA53A1300C19886 /* LaunchScreen.storyboard */,
				BCF6591C1CA53A1300C19886 /* Main.storyboard */,
				BCF6595E1CA577BA00C19886 /* Models */,
				BCF659561CA56AC300C19886 /* Services */,
				BCF659131CA53A1300C19886 /* Supporting Files */,
				BCF659391CA53F5700C19886 /* View Controllers */,
				BCF6593B1CA53F7900C19886 /* View Models */,
			);
			path = Uphoto;
			sourceTree = "<group>";
		};
		BCF659131CA53A1300C19886 /* Supporting Files */ = {
			isa = PBXGroup;
			children = (
				BCF659141CA53A1300C19886 /* main.m */,
			);
			name = "Supporting Files";
			sourceTree = "<group>";
		};
		BCF6592C1CA53A1400C19886 /* UphotoTests */ = {
			isa = PBXGroup;
			children = (
				BCF6592D1CA53A1400C19886 /* UphotoTests.m */,
				BCF6592F1CA53A1400C19886 /* Info.plist */,
			);
			path = UphotoTests;
			sourceTree = "<group>";
		};
		BCF659391CA53F5700C19886 /* View Controllers */ = {
			isa = PBXGroup;
			children = (
				396ED0C91CA833EC006C4475 /* Cells */,
				396ED0BF1CA82574006C4475 /* Super */,
				BCF659431CA5615A00C19886 /* MainTabViewController.h */,
				BCF659441CA5615A00C19886 /* MainTabViewController.m */,
				BCF659461CA568DA00C19886 /* FeaturedViewController.h */,
				BCF659471CA568DA00C19886 /* FeaturedViewController.m */,
			);
			path = "View Controllers";
			sourceTree = "<group>";
		};
		BCF6593B1CA53F7900C19886 /* View Models */ = {
			isa = PBXGroup;
			children = (
				BCF659551CA5699200C19886 /* ViewModelDelegate.h */,
				BCF6593F1CA53FD000C19886 /* MainViewModel.h */,
				BCF659401CA53FD000C19886 /* MainViewModel.m */,
				BCF659491CA5691700C19886 /* FeaturedViewModel.h */,
				BCF6594A1CA5691700C19886 /* FeaturedViewModel.m */,
				BCF6594C1CA5692400C19886 /* NatureViewModel.h */,
				BCF6594D1CA5692400C19886 /* NatureViewModel.m */,
				BCF6594F1CA5693300C19886 /* TourismViewModel.h */,
				BCF659501CA5693300C19886 /* TourismViewModel.m */,
				BCF659521CA5693E00C19886 /* ShoppingViewModel.h */,
				BCF659531CA5693E00C19886 /* ShoppingViewModel.m */,
			);
			path = "View Models";
			sourceTree = "<group>";
		};
		BCF659561CA56AC300C19886 /* Services */ = {
			isa = PBXGroup;
			children = (
				BCF659571CA56B2B00C19886 /* PhotosService.h */,
				BCF659581CA56B2B00C19886 /* PhotosService.m */,
			);
			path = Services;
			sourceTree = "<group>";
		};
		BCF6595E1CA577BA00C19886 /* Models */ = {
			isa = PBXGroup;
			children = (
				BCF6595F1CA577C700C19886 /* Gallery.h */,
				BCF659601CA577C700C19886 /* Gallery.m */,
				BCF659621CA577EC00C19886 /* GalleryItem.h */,
				BCF659631CA577EC00C19886 /* GalleryItem.m */,
			);
			path = Models;
			sourceTree = "<group>";
		};
		BE6C71B14A66B200173B1BF9 /* Frameworks */ = {
			isa = PBXGroup;
			children = (
				B21824AF1F54F66C067FE0D4 /* libPods-Uphoto.a */,
			);
			name = Frameworks;
			sourceTree = "<group>";
		};
		F8DBC2DEEBB9CEC115A2CA8C /* Pods */ = {
			isa = PBXGroup;
			children = (
				EDF827B51BCA5F464A6F358A /* Pods-Uphoto.debug.xcconfig */,
				1B8CCF2074D37E9EE2827997 /* Pods-Uphoto.release.xcconfig */,
			);
			name = Pods;
			sourceTree = "<group>";
		};
/* End PBXGroup section */

/* Begin PBXNativeTarget section */
		BCF6590F1CA53A1300C19886 /* Uphoto */ = {
			isa = PBXNativeTarget;
			buildConfigurationList = BCF659321CA53A1400C19886 /* Build configuration list for PBXNativeTarget "Uphoto" */;
			buildPhases = (
				16C11DAC82BA5BD606E158CE /* Check Pods Manifest.lock */,
				BCF6590C1CA53A1300C19886 /* Sources */,
				BCF6590D1CA53A1300C19886 /* Frameworks */,
				BCF6590E1CA53A1300C19886 /* Resources */,
				2BA9CB6DC80E200F30FD901D /* Embed Pods Frameworks */,
				66816FCAB0D62DD0685DBDA1 /* Copy Pods Resources */,
			);
			buildRules = (
			);
			dependencies = (
			);
			name = Uphoto;
			productName = Uphoto;
			productReference = BCF659101CA53A1300C19886 /* Uphoto.app */;
			productType = "com.apple.product-type.application";
		};
		BCF659281CA53A1400C19886 /* UphotoTests */ = {
			isa = PBXNativeTarget;
			buildConfigurationList = BCF659351CA53A1400C19886 /* Build configuration list for PBXNativeTarget "UphotoTests" */;
			buildPhases = (
				BCF659251CA53A1400C19886 /* Sources */,
				BCF659261CA53A1400C19886 /* Frameworks */,
				BCF659271CA53A1400C19886 /* Resources */,
			);
			buildRules = (
			);
			dependencies = (
				BCF6592B1CA53A1400C19886 /* PBXTargetDependency */,
			);
			name = UphotoTests;
			productName = UphotoTests;
			productReference = BCF659291CA53A1400C19886 /* UphotoTests.xctest */;
			productType = "com.apple.product-type.bundle.unit-test";
		};
/* End PBXNativeTarget section */

/* Begin PBXProject section */
		BCF659081CA53A1300C19886 /* Project object */ = {
			isa = PBXProject;
			attributes = {
				LastUpgradeCheck = 0720;
				ORGANIZATIONNAME = Modeso;
				TargetAttributes = {
					BCF6590F1CA53A1300C19886 = {
						CreatedOnToolsVersion = 7.2;
						DevelopmentTeam = XP9UK5V4RA;
					};
					BCF659281CA53A1400C19886 = {
						CreatedOnToolsVersion = 7.2;
						TestTargetID = BCF6590F1CA53A1300C19886;
					};
				};
			};
			buildConfigurationList = BCF6590B1CA53A1300C19886 /* Build configuration list for PBXProject "Uphoto" */;
			compatibilityVersion = "Xcode 3.2";
			developmentRegion = English;
			hasScannedForEncodings = 0;
			knownRegions = (
				en,
				Base,
			);
			mainGroup = BCF659071CA53A1300C19886;
			productRefGroup = BCF659111CA53A1300C19886 /* Products */;
			projectDirPath = "";
			projectRoot = "";
			targets = (
				BCF6590F1CA53A1300C19886 /* Uphoto */,
				BCF659281CA53A1400C19886 /* UphotoTests */,
			);
		};
/* End PBXProject section */

/* Begin PBXResourcesBuildPhase section */
		BCF6590E1CA53A1300C19886 /* Resources */ = {
			isa = PBXResourcesBuildPhase;
			buildActionMask = 2147483647;
			files = (
				BCF659231CA53A1300C19886 /* LaunchScreen.storyboard in Resources */,
				BCF659201CA53A1300C19886 /* Assets.xcassets in Resources */,
				BCF6591E1CA53A1300C19886 /* Main.storyboard in Resources */,
			);
			runOnlyForDeploymentPostprocessing = 0;
		};
		BCF659271CA53A1400C19886 /* Resources */ = {
			isa = PBXResourcesBuildPhase;
			buildActionMask = 2147483647;
			files = (
			);
			runOnlyForDeploymentPostprocessing = 0;
		};
/* End PBXResourcesBuildPhase section */

/* Begin PBXShellScriptBuildPhase section */
		16C11DAC82BA5BD606E158CE /* Check Pods Manifest.lock */ = {
			isa = PBXShellScriptBuildPhase;
			buildActionMask = 2147483647;
			files = (
			);
			inputPaths = (
			);
			name = "Check Pods Manifest.lock";
			outputPaths = (
			);
			runOnlyForDeploymentPostprocessing = 0;
			shellPath = /bin/sh;
			shellScript = "diff \"${PODS_ROOT}/../Podfile.lock\" \"${PODS_ROOT}/Manifest.lock\" > /dev/null\nif [[ $? != 0 ]] ; then\n    cat << EOM\nerror: The sandbox is not in sync with the Podfile.lock. Run 'pod install' or update your CocoaPods installation.\nEOM\n    exit 1\nfi\n";
			showEnvVarsInLog = 0;
		};
		2BA9CB6DC80E200F30FD901D /* Embed Pods Frameworks */ = {
			isa = PBXShellScriptBuildPhase;
			buildActionMask = 2147483647;
			files = (
			);
			inputPaths = (
			);
			name = "Embed Pods Frameworks";
			outputPaths = (
			);
			runOnlyForDeploymentPostprocessing = 0;
			shellPath = /bin/sh;
			shellScript = "\"${SRCROOT}/Pods/Target Support Files/Pods-Uphoto/Pods-Uphoto-frameworks.sh\"\n";
			showEnvVarsInLog = 0;
		};
		66816FCAB0D62DD0685DBDA1 /* Copy Pods Resources */ = {
			isa = PBXShellScriptBuildPhase;
			buildActionMask = 2147483647;
			files = (
			);
			inputPaths = (
			);
			name = "Copy Pods Resources";
			outputPaths = (
			);
			runOnlyForDeploymentPostprocessing = 0;
			shellPath = /bin/sh;
			shellScript = "\"${SRCROOT}/Pods/Target Support Files/Pods-Uphoto/Pods-Uphoto-resources.sh\"\n";
			showEnvVarsInLog = 0;
		};
/* End PBXShellScriptBuildPhase section */

/* Begin PBXSourcesBuildPhase section */
		BCF6590C1CA53A1300C19886 /* Sources */ = {
			isa = PBXSourcesBuildPhase;
			buildActionMask = 2147483647;
			files = (
				BCF6595C1CA576D000C19886 /* PhotoCell.m in Sources */,
				BCF659181CA53A1300C19886 /* AppDelegate.m in Sources */,
				BCF6594E1CA5692400C19886 /* NatureViewModel.m in Sources */,
				BCF659451CA5615A00C19886 /* MainTabViewController.m in Sources */,
				BCF659151CA53A1300C19886 /* main.m in Sources */,
				BCF659511CA5693300C19886 /* TourismViewModel.m in Sources */,
				BCF659481CA568DA00C19886 /* FeaturedViewController.m in Sources */,
				BCF659591CA56B2B00C19886 /* PhotosService.m in Sources */,
				BCF659641CA577EC00C19886 /* GalleryItem.m in Sources */,
				BCF659611CA577C700C19886 /* Gallery.m in Sources */,
				BCF6594B1CA5691700C19886 /* FeaturedViewModel.m in Sources */,
				BCF659541CA5693E00C19886 /* ShoppingViewModel.m in Sources */,
				BCF659411CA53FD000C19886 /* MainViewModel.m in Sources */,
				396ED0CC1CA834E1006C4475 /* UPViewController.m in Sources */,
			);
			runOnlyForDeploymentPostprocessing = 0;
		};
		BCF659251CA53A1400C19886 /* Sources */ = {
			isa = PBXSourcesBuildPhase;
			buildActionMask = 2147483647;
			files = (
				BCF6592E1CA53A1400C19886 /* UphotoTests.m in Sources */,
			);
			runOnlyForDeploymentPostprocessing = 0;
		};
/* End PBXSourcesBuildPhase section */

/* Begin PBXTargetDependency section */
		BCF6592B1CA53A1400C19886 /* PBXTargetDependency */ = {
			isa = PBXTargetDependency;
			target = BCF6590F1CA53A1300C19886 /* Uphoto */;
			targetProxy = BCF6592A1CA53A1400C19886 /* PBXContainerItemProxy */;
		};
/* End PBXTargetDependency section */

/* Begin PBXVariantGroup section */
		BCF6591C1CA53A1300C19886 /* Main.storyboard */ = {
			isa = PBXVariantGroup;
			children = (
				BCF6591D1CA53A1300C19886 /* Base */,
			);
			name = Main.storyboard;
			sourceTree = "<group>";
		};
		BCF659211CA53A1300C19886 /* LaunchScreen.storyboard */ = {
			isa = PBXVariantGroup;
			children = (
				BCF659221CA53A1300C19886 /* Base */,
			);
			name = LaunchScreen.storyboard;
			sourceTree = "<group>";
		};
/* End PBXVariantGroup section */

/* Begin XCBuildConfiguration section */
		BCF659301CA53A1400C19886 /* Debug */ = {
			isa = XCBuildConfiguration;
			buildSettings = {
				ALWAYS_SEARCH_USER_PATHS = NO;
				CLANG_CXX_LANGUAGE_STANDARD = "gnu++0x";
				CLANG_CXX_LIBRARY = "libc++";
				CLANG_ENABLE_MODULES = YES;
				CLANG_ENABLE_OBJC_ARC = YES;
				CLANG_WARN_BOOL_CONVERSION = YES;
				CLANG_WARN_CONSTANT_CONVERSION = YES;
				CLANG_WARN_DIRECT_OBJC_ISA_USAGE = YES_ERROR;
				CLANG_WARN_EMPTY_BODY = YES;
				CLANG_WARN_ENUM_CONVERSION = YES;
				CLANG_WARN_INT_CONVERSION = YES;
				CLANG_WARN_OBJC_ROOT_CLASS = YES_ERROR;
				CLANG_WARN_UNREACHABLE_CODE = YES;
				CLANG_WARN__DUPLICATE_METHOD_MATCH = YES;
				"CODE_SIGN_IDENTITY[sdk=iphoneos*]" = "iPhone Developer";
				COPY_PHASE_STRIP = NO;
				DEBUG_INFORMATION_FORMAT = dwarf;
				ENABLE_STRICT_OBJC_MSGSEND = YES;
				ENABLE_TESTABILITY = YES;
				GCC_C_LANGUAGE_STANDARD = gnu99;
				GCC_DYNAMIC_NO_PIC = NO;
				GCC_NO_COMMON_BLOCKS = YES;
				GCC_OPTIMIZATION_LEVEL = 0;
				GCC_PREPROCESSOR_DEFINITIONS = (
					"DEBUG=1",
					"$(inherited)",
				);
				GCC_WARN_64_TO_32_BIT_CONVERSION = YES;
				GCC_WARN_ABOUT_RETURN_TYPE = YES_ERROR;
				GCC_WARN_UNDECLARED_SELECTOR = YES;
				GCC_WARN_UNINITIALIZED_AUTOS = YES_AGGRESSIVE;
				GCC_WARN_UNUSED_FUNCTION = YES;
				GCC_WARN_UNUSED_VARIABLE = YES;
				IPHONEOS_DEPLOYMENT_TARGET = 9.2;
				MTL_ENABLE_DEBUG_INFO = YES;
				ONLY_ACTIVE_ARCH = YES;
				SDKROOT = iphoneos;
			};
			name = Debug;
		};
		BCF659311CA53A1400C19886 /* Release */ = {
			isa = XCBuildConfiguration;
			buildSettings = {
				ALWAYS_SEARCH_USER_PATHS = NO;
				CLANG_CXX_LANGUAGE_STANDARD = "gnu++0x";
				CLANG_CXX_LIBRARY = "libc++";
				CLANG_ENABLE_MODULES = YES;
				CLANG_ENABLE_OBJC_ARC = YES;
				CLANG_WARN_BOOL_CONVERSION = YES;
				CLANG_WARN_CONSTANT_CONVERSION = YES;
				CLANG_WARN_DIRECT_OBJC_ISA_USAGE = YES_ERROR;
				CLANG_WARN_EMPTY_BODY = YES;
				CLANG_WARN_ENUM_CONVERSION = YES;
				CLANG_WARN_INT_CONVERSION = YES;
				CLANG_WARN_OBJC_ROOT_CLASS = YES_ERROR;
				CLANG_WARN_UNREACHABLE_CODE = YES;
				CLANG_WARN__DUPLICATE_METHOD_MATCH = YES;
				"CODE_SIGN_IDENTITY[sdk=iphoneos*]" = "iPhone Developer";
				COPY_PHASE_STRIP = NO;
				DEBUG_INFORMATION_FORMAT = "dwarf-with-dsym";
				ENABLE_NS_ASSERTIONS = NO;
				ENABLE_STRICT_OBJC_MSGSEND = YES;
				GCC_C_LANGUAGE_STANDARD = gnu99;
				GCC_NO_COMMON_BLOCKS = YES;
				GCC_WARN_64_TO_32_BIT_CONVERSION = YES;
				GCC_WARN_ABOUT_RETURN_TYPE = YES_ERROR;
				GCC_WARN_UNDECLARED_SELECTOR = YES;
				GCC_WARN_UNINITIALIZED_AUTOS = YES_AGGRESSIVE;
				GCC_WARN_UNUSED_FUNCTION = YES;
				GCC_WARN_UNUSED_VARIABLE = YES;
				IPHONEOS_DEPLOYMENT_TARGET = 9.2;
				MTL_ENABLE_DEBUG_INFO = NO;
				SDKROOT = iphoneos;
				VALIDATE_PRODUCT = YES;
			};
			name = Release;
		};
		BCF659331CA53A1400C19886 /* Debug */ = {
			isa = XCBuildConfiguration;
			baseConfigurationReference = EDF827B51BCA5F464A6F358A /* Pods-Uphoto.debug.xcconfig */;
			buildSettings = {
				ASSETCATALOG_COMPILER_APPICON_NAME = AppIcon;
				CODE_SIGN_IDENTITY = "iPhone Developer";
				INFOPLIST_FILE = Uphoto/Info.plist;
				LD_RUNPATH_SEARCH_PATHS = "$(inherited) @executable_path/Frameworks";
				PRODUCT_BUNDLE_IDENTIFIER = ch.modeso.Uphoto;
				PRODUCT_NAME = "$(TARGET_NAME)";
				TARGETED_DEVICE_FAMILY = "1,2";
			};
			name = Debug;
		};
		BCF659341CA53A1400C19886 /* Release */ = {
			isa = XCBuildConfiguration;
			baseConfigurationReference = 1B8CCF2074D37E9EE2827997 /* Pods-Uphoto.release.xcconfig */;
			buildSettings = {
				ASSETCATALOG_COMPILER_APPICON_NAME = AppIcon;
				CODE_SIGN_IDENTITY = "iPhone Developer";
				INFOPLIST_FILE = Uphoto/Info.plist;
				LD_RUNPATH_SEARCH_PATHS = "$(inherited) @executable_path/Frameworks";
				PRODUCT_BUNDLE_IDENTIFIER = ch.modeso.Uphoto;
				PRODUCT_NAME = "$(TARGET_NAME)";
				TARGETED_DEVICE_FAMILY = "1,2";
			};
			name = Release;
		};
		BCF659361CA53A1400C19886 /* Debug */ = {
			isa = XCBuildConfiguration;
			buildSettings = {
				BUNDLE_LOADER = "$(TEST_HOST)";
				INFOPLIST_FILE = UphotoTests/Info.plist;
				LD_RUNPATH_SEARCH_PATHS = "$(inherited) @executable_path/Frameworks @loader_path/Frameworks";
				PRODUCT_BUNDLE_IDENTIFIER = ch.modeso.UphotoTests;
				PRODUCT_NAME = "$(TARGET_NAME)";
				TEST_HOST = "$(BUILT_PRODUCTS_DIR)/Uphoto.app/Uphoto";
			};
			name = Debug;
		};
		BCF659371CA53A1400C19886 /* Release */ = {
			isa = XCBuildConfiguration;
			buildSettings = {
				BUNDLE_LOADER = "$(TEST_HOST)";
				INFOPLIST_FILE = UphotoTests/Info.plist;
				LD_RUNPATH_SEARCH_PATHS = "$(inherited) @executable_path/Frameworks @loader_path/Frameworks";
				PRODUCT_BUNDLE_IDENTIFIER = ch.modeso.UphotoTests;
				PRODUCT_NAME = "$(TARGET_NAME)";
				TEST_HOST = "$(BUILT_PRODUCTS_DIR)/Uphoto.app/Uphoto";
			};
			name = Release;
		};
/* End XCBuildConfiguration section */

/* Begin XCConfigurationList section */
		BCF6590B1CA53A1300C19886 /* Build configuration list for PBXProject "Uphoto" */ = {
			isa = XCConfigurationList;
			buildConfigurations = (
				BCF659301CA53A1400C19886 /* Debug */,
				BCF659311CA53A1400C19886 /* Release */,
			);
			defaultConfigurationIsVisible = 0;
			defaultConfigurationName = Release;
		};
		BCF659321CA53A1400C19886 /* Build configuration list for PBXNativeTarget "Uphoto" */ = {
			isa = XCConfigurationList;
			buildConfigurations = (
				BCF659331CA53A1400C19886 /* Debug */,
				BCF659341CA53A1400C19886 /* Release */,
			);
			defaultConfigurationIsVisible = 0;
			defaultConfigurationName = Release;
		};
		BCF659351CA53A1400C19886 /* Build configuration list for PBXNativeTarget "UphotoTests" */ = {
			isa = XCConfigurationList;
			buildConfigurations = (
				BCF659361CA53A1400C19886 /* Debug */,
				BCF659371CA53A1400C19886 /* Release */,
			);
			defaultConfigurationIsVisible = 0;
			defaultConfigurationName = Release;
		};
/* End XCConfigurationList section */
	};
	rootObject = BCF659081CA53A1300C19886 /* Project object */;
}
