// !$*UTF8*$!
{
	archiveVersion = 1;
	classes = {
	};
	objectVersion = 46;
	objects = {

/* Begin PBXBuildFile section */
		BCF659151CA53A1300C19886 /* main.m in Sources */ = {isa = PBXBuildFile; fileRef = BCF659141CA53A1300C19886 /* main.m */; };
		BCF659181CA53A1300C19886 /* AppDelegate.m in Sources */ = {isa = PBXBuildFile; fileRef = BCF659171CA53A1300C19886 /* AppDelegate.m */; };
		BCF6591B1CA53A1300C19886 /* ViewController.m in Sources */ = {isa = PBXBuildFile; fileRef = BCF6591A1CA53A1300C19886 /* ViewController.m */; };
		BCF6591E1CA53A1300C19886 /* Main.storyboard in Resources */ = {isa = PBXBuildFile; fileRef = BCF6591C1CA53A1300C19886 /* Main.storyboard */; };
		BCF659201CA53A1300C19886 /* Assets.xcassets in Resources */ = {isa = PBXBuildFile; fileRef = BCF6591F1CA53A1300C19886 /* Assets.xcassets */; };
		BCF659231CA53A1300C19886 /* LaunchScreen.storyboard in Resources */ = {isa = PBXBuildFile; fileRef = BCF659211CA53A1300C19886 /* LaunchScreen.storyboard */; };
		BCF6592E1CA53A1400C19886 /* UphotoTests.m in Sources */ = {isa = PBXBuildFile; fileRef = BCF6592D1CA53A1400C19886 /* UphotoTests.m */; };
/* End PBXBuildFile section */

/* Begin PBXContainerItemProxy section */
		BCF6592A1CA53A1400C19886 /* PBXContainerItemProxy */ = {
			isa = PBXContainerItemProxy;
			containerPortal = BCF659081CA53A1300C19886 /* Project object */;
			proxyType = 1;
			remoteGlobalIDString = BCF6590F1CA53A1300C19886;
			remoteInfo = Uphoto;
		};
/* End PBXContainerItemProxy section */

/* Begin PBXFileReference section */
		BCF659101CA53A1300C19886 /* Uphoto.app */ = {isa = PBXFileReference; explicitFileType = wrapper.application; includeInIndex = 0; path = Uphoto.app; sourceTree = BUILT_PRODUCTS_DIR; };
		BCF659141CA53A1300C19886 /* main.m */ = {isa = PBXFileReference; lastKnownFileType = sourcecode.c.objc; path = main.m; sourceTree = "<group>"; };
		BCF659161CA53A1300C19886 /* AppDelegate.h */ = {isa = PBXFileReference; lastKnownFileType = sourcecode.c.h; path = AppDelegate.h; sourceTree = "<group>"; };
		BCF659171CA53A1300C19886 /* AppDelegate.m */ = {isa = PBXFileReference; lastKnownFileType = sourcecode.c.objc; path = AppDelegate.m; sourceTree = "<group>"; };
		BCF659191CA53A1300C19886 /* ViewController.h */ = {isa = PBXFileReference; lastKnownFileType = sourcecode.c.h; path = ViewController.h; sourceTree = "<group>"; };
		BCF6591A1CA53A1300C19886 /* ViewController.m */ = {isa = PBXFileReference; lastKnownFileType = sourcecode.c.objc; path = ViewController.m; sourceTree = "<group>"; };
		BCF6591D1CA53A1300C19886 /* Base */ = {isa = PBXFileReference; lastKnownFileType = file.storyboard; name = Base; path = Base.lproj/Main.storyboard; sourceTree = "<group>"; };
		BCF6591F1CA53A1300C19886 /* Assets.xcassets */ = {isa = PBXFileReference; lastKnownFileType = folder.assetcatalog; path = Assets.xcassets; sourceTree = "<group>"; };
		BCF659221CA53A1300C19886 /* Base */ = {isa = PBXFileReference; lastKnownFileType = file.storyboard; name = Base; path = Base.lproj/LaunchScreen.storyboard; sourceTree = "<group>"; };
		BCF659241CA53A1300C19886 /* Info.plist */ = {isa = PBXFileReference; lastKnownFileType = text.plist.xml; path = Info.plist; sourceTree = "<group>"; };
		BCF659291CA53A1400C19886 /* UphotoTests.xctest */ = {isa = PBXFileReference; explicitFileType = wrapper.cfbundle; includeInIndex = 0; path = UphotoTests.xctest; sourceTree = BUILT_PRODUCTS_DIR; };
		BCF6592D1CA53A1400C19886 /* UphotoTests.m */ = {isa = PBXFileReference; lastKnownFileType = sourcecode.c.objc; path = UphotoTests.m; sourceTree = "<group>"; };
		BCF6592F1CA53A1400C19886 /* Info.plist */ = {isa = PBXFileReference; lastKnownFileType = text.plist.xml; path = Info.plist; sourceTree = "<group>"; };
/* End PBXFileReference section */

/* Begin PBXFrameworksBuildPhase section */
		BCF6590D1CA53A1300C19886 /* Frameworks */ = {
			isa = PBXFrameworksBuildPhase;
			buildActionMask = 2147483647;
			files = (
			);
			runOnlyForDeploymentPostprocessing = 0;
		};
		BCF659261CA53A1400C19886 /* Frameworks */ = {
			isa = PBXFrameworksBuildPhase;
			buildActionMask = 2147483647;
			files = (
			);
			runOnlyForDeploymentPostprocessing = 0;
		};
/* End PBXFrameworksBuildPhase section */

/* Begin PBXGroup section */
		BCF659071CA53A1300C19886 = {
			isa = PBXGroup;
			children = (
				BCF659121CA53A1300C19886 /* Uphoto */,
				BCF6592C1CA53A1400C19886 /* UphotoTests */,
				BCF659111CA53A1300C19886 /* Products */,
			);
			sourceTree = "<group>";
		};
		BCF659111CA53A1300C19886 /* Products */ = {
			isa = PBXGroup;
			children = (
				BCF659101CA53A1300C19886 /* Uphoto.app */,
				BCF659291CA53A1400C19886 /* UphotoTests.xctest */,
			);
			name = Products;
			sourceTree = "<group>";
		};
		BCF659121CA53A1300C19886 /* Uphoto */ = {
			isa = PBXGroup;
			children = (
				BCF659161CA53A1300C19886 /* AppDelegate.h */,
				BCF659171CA53A1300C19886 /* AppDelegate.m */,
				BCF659191CA53A1300C19886 /* ViewController.h */,
				BCF6591A1CA53A1300C19886 /* ViewController.m */,
				BCF6591C1CA53A1300C19886 /* Main.storyboard */,
				BCF6591F1CA53A1300C19886 /* Assets.xcassets */,
				BCF659211CA53A1300C19886 /* LaunchScreen.storyboard */,
				BCF659241CA53A1300C19886 /* Info.plist */,
				BCF659131CA53A1300C19886 /* Supporting Files */,
			);
			path = Uphoto;
			sourceTree = "<group>";
		};
		BCF659131CA53A1300C19886 /* Supporting Files */ = {
			isa = PBXGroup;
			children = (
				BCF659141CA53A1300C19886 /* main.m */,
			);
			name = "Supporting Files";
			sourceTree = "<group>";
		};
		BCF6592C1CA53A1400C19886 /* UphotoTests */ = {
			isa = PBXGroup;
			children = (
				BCF6592D1CA53A1400C19886 /* UphotoTests.m */,
				BCF6592F1CA53A1400C19886 /* Info.plist */,
			);
			path = UphotoTests;
			sourceTree = "<group>";
		};
/* End PBXGroup section */

/* Begin PBXNativeTarget section */
		BCF6590F1CA53A1300C19886 /* Uphoto */ = {
			isa = PBXNativeTarget;
			buildConfigurationList = BCF659321CA53A1400C19886 /* Build configuration list for PBXNativeTarget "Uphoto" */;
			buildPhases = (
				BCF6590C1CA53A1300C19886 /* Sources */,
				BCF6590D1CA53A1300C19886 /* Frameworks */,
				BCF6590E1CA53A1300C19886 /* Resources */,
			);
			buildRules = (
			);
			dependencies = (
			);
			name = Uphoto;
			productName = Uphoto;
			productReference = BCF659101CA53A1300C19886 /* Uphoto.app */;
			productType = "com.apple.product-type.application";
		};
		BCF659281CA53A1400C19886 /* UphotoTests */ = {
			isa = PBXNativeTarget;
			buildConfigurationList = BCF659351CA53A1400C19886 /* Build configuration list for PBXNativeTarget "UphotoTests" */;
			buildPhases = (
				BCF659251CA53A1400C19886 /* Sources */,
				BCF659261CA53A1400C19886 /* Frameworks */,
				BCF659271CA53A1400C19886 /* Resources */,
			);
			buildRules = (
			);
			dependencies = (
				BCF6592B1CA53A1400C19886 /* PBXTargetDependency */,
			);
			name = UphotoTests;
			productName = UphotoTests;
			productReference = BCF659291CA53A1400C19886 /* UphotoTests.xctest */;
			productType = "com.apple.product-type.bundle.unit-test";
		};
/* End PBXNativeTarget section */

/* Begin PBXProject section */
		BCF659081CA53A1300C19886 /* Project object */ = {
			isa = PBXProject;
			attributes = {
				LastUpgradeCheck = 0720;
				ORGANIZATIONNAME = Modeso;
				TargetAttributes = {
					BCF6590F1CA53A1300C19886 = {
						CreatedOnToolsVersion = 7.2;
					};
					BCF659281CA53A1400C19886 = {
						CreatedOnToolsVersion = 7.2;
						TestTargetID = BCF6590F1CA53A1300C19886;
					};
				};
			};
			buildConfigurationList = BCF6590B1CA53A1300C19886 /* Build configuration list for PBXProject "Uphoto" */;
			compatibilityVersion = "Xcode 3.2";
			developmentRegion = English;
			hasScannedForEncodings = 0;
			knownRegions = (
				en,
				Base,
			);
			mainGroup = BCF659071CA53A1300C19886;
			productRefGroup = BCF659111CA53A1300C19886 /* Products */;
			projectDirPath = "";
			projectRoot = "";
			targets = (
				BCF6590F1CA53A1300C19886 /* Uphoto */,
				BCF659281CA53A1400C19886 /* UphotoTests */,
			);
		};
/* End PBXProject section */

/* Begin PBXResourcesBuildPhase section */
		BCF6590E1CA53A1300C19886 /* Resources */ = {
			isa = PBXResourcesBuildPhase;
			buildActionMask = 2147483647;
			files = (
				BCF659231CA53A1300C19886 /* LaunchScreen.storyboard in Resources */,
				BCF659201CA53A1300C19886 /* Assets.xcassets in Resources */,
				BCF6591E1CA53A1300C19886 /* Main.storyboard in Resources */,
			);
			runOnlyForDeploymentPostprocessing = 0;
		};
		BCF659271CA53A1400C19886 /* Resources */ = {
			isa = PBXResourcesBuildPhase;
			buildActionMask = 2147483647;
			files = (
			);
			runOnlyForDeploymentPostprocessing = 0;
		};
/* End PBXResourcesBuildPhase section */

/* Begin PBXSourcesBuildPhase section */
		BCF6590C1CA53A1300C19886 /* Sources */ = {
			isa = PBXSourcesBuildPhase;
			buildActionMask = 2147483647;
			files = (
				BCF6591B1CA53A1300C19886 /* ViewController.m in Sources */,
				BCF659181CA53A1300C19886 /* AppDelegate.m in Sources */,
				BCF659151CA53A1300C19886 /* main.m in Sources */,
			);
			runOnlyForDeploymentPostprocessing = 0;
		};
		BCF659251CA53A1400C19886 /* Sources */ = {
			isa = PBXSourcesBuildPhase;
			buildActionMask = 2147483647;
			files = (
				BCF6592E1CA53A1400C19886 /* UphotoTests.m in Sources */,
			);
			runOnlyForDeploymentPostprocessing = 0;
		};
/* End PBXSourcesBuildPhase section */

/* Begin PBXTargetDependency section */
		BCF6592B1CA53A1400C19886 /* PBXTargetDependency */ = {
			isa = PBXTargetDependency;
			target = BCF6590F1CA53A1300C19886 /* Uphoto */;
			targetProxy = BCF6592A1CA53A1400C19886 /* PBXContainerItemProxy */;
		};
/* End PBXTargetDependency section */

/* Begin PBXVariantGroup section */
		BCF6591C1CA53A1300C19886 /* Main.storyboard */ = {
			isa = PBXVariantGroup;
			children = (
				BCF6591D1CA53A1300C19886 /* Base */,
			);
			name = Main.storyboard;
			sourceTree = "<group>";
		};
		BCF659211CA53A1300C19886 /* LaunchScreen.storyboard */ = {
			isa = PBXVariantGroup;
			children = (
				BCF659221CA53A1300C19886 /* Base */,
			);
			name = LaunchScreen.storyboard;
			sourceTree = "<group>";
		};
/* End PBXVariantGroup section */

/* Begin XCBuildConfiguration section */
		BCF659301CA53A1400C19886 /* Debug */ = {
			isa = XCBuildConfiguration;
			buildSettings = {
				ALWAYS_SEARCH_USER_PATHS = NO;
				CLANG_CXX_LANGUAGE_STANDARD = "gnu++0x";
				CLANG_CXX_LIBRARY = "libc++";
				CLANG_ENABLE_MODULES = YES;
				CLANG_ENABLE_OBJC_ARC = YES;
				CLANG_WARN_BOOL_CONVERSION = YES;
				CLANG_WARN_CONSTANT_CONVERSION = YES;
				CLANG_WARN_DIRECT_OBJC_ISA_USAGE = YES_ERROR;
				CLANG_WARN_EMPTY_BODY = YES;
				CLANG_WARN_ENUM_CONVERSION = YES;
				CLANG_WARN_INT_CONVERSION = YES;
				CLANG_WARN_OBJC_ROOT_CLASS = YES_ERROR;
				CLANG_WARN_UNREACHABLE_CODE = YES;
				CLANG_WARN__DUPLICATE_METHOD_MATCH = YES;
				"CODE_SIGN_IDENTITY[sdk=iphoneos*]" = "iPhone Developer";
				COPY_PHASE_STRIP = NO;
				DEBUG_INFORMATION_FORMAT = dwarf;
				ENABLE_STRICT_OBJC_MSGSEND = YES;
				ENABLE_TESTABILITY = YES;
				GCC_C_LANGUAGE_STANDARD = gnu99;
				GCC_DYNAMIC_NO_PIC = NO;
				GCC_NO_COMMON_BLOCKS = YES;
				GCC_OPTIMIZATION_LEVEL = 0;
				GCC_PREPROCESSOR_DEFINITIONS = (
					"DEBUG=1",
					"$(inherited)",
				);
				GCC_WARN_64_TO_32_BIT_CONVERSION = YES;
				GCC_WARN_ABOUT_RETURN_TYPE = YES_ERROR;
				GCC_WARN_UNDECLARED_SELECTOR = YES;
				GCC_WARN_UNINITIALIZED_AUTOS = YES_AGGRESSIVE;
				GCC_WARN_UNUSED_FUNCTION = YES;
				GCC_WARN_UNUSED_VARIABLE = YES;
				IPHONEOS_DEPLOYMENT_TARGET = 9.2;
				MTL_ENABLE_DEBUG_INFO = YES;
				ONLY_ACTIVE_ARCH = YES;
				SDKROOT = iphoneos;
			};
			name = Debug;
		};
		BCF659311CA53A1400C19886 /* Release */ = {
			isa = XCBuildConfiguration;
			buildSettings = {
				ALWAYS_SEARCH_USER_PATHS = NO;
				CLANG_CXX_LANGUAGE_STANDARD = "gnu++0x";
				CLANG_CXX_LIBRARY = "libc++";
				CLANG_ENABLE_MODULES = YES;
				CLANG_ENABLE_OBJC_ARC = YES;
				CLANG_WARN_BOOL_CONVERSION = YES;
				CLANG_WARN_CONSTANT_CONVERSION = YES;
				CLANG_WARN_DIRECT_OBJC_ISA_USAGE = YES_ERROR;
				CLANG_WARN_EMPTY_BODY = YES;
				CLANG_WARN_ENUM_CONVERSION = YES;
				CLANG_WARN_INT_CONVERSION = YES;
				CLANG_WARN_OBJC_ROOT_CLASS = YES_ERROR;
				CLANG_WARN_UNREACHABLE_CODE = YES;
				CLANG_WARN__DUPLICATE_METHOD_MATCH = YES;
				"CODE_SIGN_IDENTITY[sdk=iphoneos*]" = "iPhone Developer";
				COPY_PHASE_STRIP = NO;
				DEBUG_INFORMATION_FORMAT = "dwarf-with-dsym";
				ENABLE_NS_ASSERTIONS = NO;
				ENABLE_STRICT_OBJC_MSGSEND = YES;
				GCC_C_LANGUAGE_STANDARD = gnu99;
				GCC_NO_COMMON_BLOCKS = YES;
				GCC_WARN_64_TO_32_BIT_CONVERSION = YES;
				GCC_WARN_ABOUT_RETURN_TYPE = YES_ERROR;
				GCC_WARN_UNDECLARED_SELECTOR = YES;
				GCC_WARN_UNINITIALIZED_AUTOS = YES_AGGRESSIVE;
				GCC_WARN_UNUSED_FUNCTION = YES;
				GCC_WARN_UNUSED_VARIABLE = YES;
				IPHONEOS_DEPLOYMENT_TARGET = 9.2;
				MTL_ENABLE_DEBUG_INFO = NO;
				SDKROOT = iphoneos;
				VALIDATE_PRODUCT = YES;
			};
			name = Release;
		};
		BCF659331CA53A1400C19886 /* Debug */ = {
			isa = XCBuildConfiguration;
			buildSettings = {
				ASSETCATALOG_COMPILER_APPICON_NAME = AppIcon;
				INFOPLIST_FILE = Uphoto/Info.plist;
				LD_RUNPATH_SEARCH_PATHS = "$(inherited) @executable_path/Frameworks";
				PRODUCT_BUNDLE_IDENTIFIER = ch.modeso.Uphoto;
				PRODUCT_NAME = "$(TARGET_NAME)";
			};
			name = Debug;
		};
		BCF659341CA53A1400C19886 /* Release */ = {
			isa = XCBuildConfiguration;
			buildSettings = {
				ASSETCATALOG_COMPILER_APPICON_NAME = AppIcon;
				INFOPLIST_FILE = Uphoto/Info.plist;
				LD_RUNPATH_SEARCH_PATHS = "$(inherited) @executable_path/Frameworks";
				PRODUCT_BUNDLE_IDENTIFIER = ch.modeso.Uphoto;
				PRODUCT_NAME = "$(TARGET_NAME)";
			};
			name = Release;
		};
		BCF659361CA53A1400C19886 /* Debug */ = {
			isa = XCBuildConfiguration;
			buildSettings = {
				BUNDLE_LOADER = "$(TEST_HOST)";
				INFOPLIST_FILE = UphotoTests/Info.plist;
				LD_RUNPATH_SEARCH_PATHS = "$(inherited) @executable_path/Frameworks @loader_path/Frameworks";
				PRODUCT_BUNDLE_IDENTIFIER = ch.modeso.UphotoTests;
				PRODUCT_NAME = "$(TARGET_NAME)";
				TEST_HOST = "$(BUILT_PRODUCTS_DIR)/Uphoto.app/Uphoto";
			};
			name = Debug;
		};
		BCF659371CA53A1400C19886 /* Release */ = {
			isa = XCBuildConfiguration;
			buildSettings = {
				BUNDLE_LOADER = "$(TEST_HOST)";
				INFOPLIST_FILE = UphotoTests/Info.plist;
				LD_RUNPATH_SEARCH_PATHS = "$(inherited) @executable_path/Frameworks @loader_path/Frameworks";
				PRODUCT_BUNDLE_IDENTIFIER = ch.modeso.UphotoTests;
				PRODUCT_NAME = "$(TARGET_NAME)";
				TEST_HOST = "$(BUILT_PRODUCTS_DIR)/Uphoto.app/Uphoto";
			};
			name = Release;
		};
/* End XCBuildConfiguration section */

/* Begin XCConfigurationList section */
		BCF6590B1CA53A1300C19886 /* Build configuration list for PBXProject "Uphoto" */ = {
			isa = XCConfigurationList;
			buildConfigurations = (
				BCF659301CA53A1400C19886 /* Debug */,
				BCF659311CA53A1400C19886 /* Release */,
			);
			defaultConfigurationIsVisible = 0;
			defaultConfigurationName = Release;
		};
		BCF659321CA53A1400C19886 /* Build configuration list for PBXNativeTarget "Uphoto" */ = {
			isa = XCConfigurationList;
			buildConfigurations = (
				BCF659331CA53A1400C19886 /* Debug */,
				BCF659341CA53A1400C19886 /* Release */,
			);
			defaultConfigurationIsVisible = 0;
		};
		BCF659351CA53A1400C19886 /* Build configuration list for PBXNativeTarget "UphotoTests" */ = {
			isa = XCConfigurationList;
			buildConfigurations = (
				BCF659361CA53A1400C19886 /* Debug */,
				BCF659371CA53A1400C19886 /* Release */,
			);
			defaultConfigurationIsVisible = 0;
		};
/* End XCConfigurationList section */
	};
	rootObject = BCF659081CA53A1300C19886 /* Project object */;
}
